
Microsoft Visual Studio Solution File, Format Version 12.00
# Visual Studio Version 17
VisualStudioVersion = 17.2.32516.85
MinimumVisualStudioVersion = 10.0.40219.1
Project("{8BC9CEB8-8B4A-11D0-8D11-00A0C91BC942}") = "06.07 std_move", "06.07 std_move.vcxproj", "{77A21E02-3019-40CA-A35D-A041E15A4458}"
EndProject
Global
	GlobalSection(SolutionConfigurationPlatforms) = preSolution
		Debug|x64 = Debug|x64
		Debug|x86 = Debug|x86
		Release|x64 = Release|x64
		Release|x86 = Release|x86
	EndGlobalSection
	GlobalSection(ProjectConfigurationPlatforms) = postSolution
		{77A21E02-3019-40CA-A35D-A041E15A4458}.Debug|x64.ActiveCfg = Debug|x64
		{77A21E02-3019-40CA-A35D-A041E15A4458}.Debug|x64.Build.0 = Debug|x64
		{77A21E02-3019-40CA-A35D-A041E15A4458}.Debug|x86.ActiveCfg = Debug|Win32
		{77A21E02-3019-40CA-A35D-A041E15A4458}.Debug|x86.Build.0 = Debug|Win32
		{77A21E02-3019-40CA-A35D-A041E15A4458}.Release|x64.ActiveCfg = Release|x64
		{77A21E02-3019-40CA-A35D-A041E15A4458}.Release|x64.Build.0 = Release|x64
		{77A21E02-3019-40CA-A35D-A041E15A4458}.Release|x86.ActiveCfg = Release|Win32
		{77A21E02-3019-40CA-A35D-A041E15A4458}.Release|x86.Build.0 = Release|Win32
	EndGlobalSection
	GlobalSection(SolutionProperties) = preSolution
		HideSolutionNode = FALSE
	EndGlobalSection
	GlobalSection(ExtensibilityGlobals) = postSolution
		SolutionGuid = {3A7A0104-D5B6-4707-9008-E671D5FFCA9F}
	EndGlobalSection
EndGlobal
