
Microsoft Visual Studio Solution File, Format Version 12.00
# Visual Studio Version 17
VisualStudioVersion = 17.3.32825.248
MinimumVisualStudioVersion = 10.0.40219.1
Project("{8BC9CEB8-8B4A-11D0-8D11-00A0C91BC942}") = "26.01.02 字面量类型常量可在类内部定义", "26.01.02 字面量类型常量可在类内部定义.vcxproj", "{5A8AECD0-CD68-46F0-B1DC-03A647A0A287}"
EndProject
Global
	GlobalSection(SolutionConfigurationPlatforms) = preSolution
		Debug|x64 = Debug|x64
		Debug|x86 = Debug|x86
		Release|x64 = Release|x64
		Release|x86 = Release|x86
	EndGlobalSection
	GlobalSection(ProjectConfigurationPlatforms) = postSolution
		{5A8AECD0-CD68-46F0-B1DC-03A647A0A287}.Debug|x64.ActiveCfg = Debug|x64
		{5A8AECD0-CD68-46F0-B1DC-03A647A0A287}.Debug|x64.Build.0 = Debug|x64
		{5A8AECD0-CD68-46F0-B1DC-03A647A0A287}.Debug|x86.ActiveCfg = Debug|Win32
		{5A8AECD0-CD68-46F0-B1DC-03A647A0A287}.Debug|x86.Build.0 = Debug|Win32
		{5A8AECD0-CD68-46F0-B1DC-03A647A0A287}.Release|x64.ActiveCfg = Release|x64
		{5A8AECD0-CD68-46F0-B1DC-03A647A0A287}.Release|x64.Build.0 = Release|x64
		{5A8AECD0-CD68-46F0-B1DC-03A647A0A287}.Release|x86.ActiveCfg = Release|Win32
		{5A8AECD0-CD68-46F0-B1DC-03A647A0A287}.Release|x86.Build.0 = Release|Win32
	EndGlobalSection
	GlobalSection(SolutionProperties) = preSolution
		HideSolutionNode = FALSE
	EndGlobalSection
	GlobalSection(ExtensibilityGlobals) = postSolution
		SolutionGuid = {D7C3FD28-237F-464A-946D-E1D2D3455CA1}
	EndGlobalSection
EndGlobal
