
Microsoft Visual Studio Solution File, Format Version 12.00
# Visual Studio Version 17
VisualStudioVersion = 17.3.32825.248
MinimumVisualStudioVersion = 10.0.40219.1
Project("{8BC9CEB8-8B4A-11D0-8D11-00A0C91BC942}") = "35.04 可变参数模板的求和递归操作", "35.04 可变参数模板的求和递归操作.vcxproj", "{79C8E63C-5809-460F-9746-95F3A55FC330}"
EndProject
Global
	GlobalSection(SolutionConfigurationPlatforms) = preSolution
		Debug|x64 = Debug|x64
		Debug|x86 = Debug|x86
		Release|x64 = Release|x64
		Release|x86 = Release|x86
	EndGlobalSection
	GlobalSection(ProjectConfigurationPlatforms) = postSolution
		{79C8E63C-5809-460F-9746-95F3A55FC330}.Debug|x64.ActiveCfg = Debug|x64
		{79C8E63C-5809-460F-9746-95F3A55FC330}.Debug|x64.Build.0 = Debug|x64
		{79C8E63C-5809-460F-9746-95F3A55FC330}.Debug|x86.ActiveCfg = Debug|Win32
		{79C8E63C-5809-460F-9746-95F3A55FC330}.Debug|x86.Build.0 = Debug|Win32
		{79C8E63C-5809-460F-9746-95F3A55FC330}.Release|x64.ActiveCfg = Release|x64
		{79C8E63C-5809-460F-9746-95F3A55FC330}.Release|x64.Build.0 = Release|x64
		{79C8E63C-5809-460F-9746-95F3A55FC330}.Release|x86.ActiveCfg = Release|Win32
		{79C8E63C-5809-460F-9746-95F3A55FC330}.Release|x86.Build.0 = Release|Win32
	EndGlobalSection
	GlobalSection(SolutionProperties) = preSolution
		HideSolutionNode = FALSE
	EndGlobalSection
	GlobalSection(ExtensibilityGlobals) = postSolution
		SolutionGuid = {7670ACC2-8020-41C3-82D3-6E65BE0F1757}
	EndGlobalSection
EndGlobal
