
Microsoft Visual Studio Solution File, Format Version 12.00
# Visual Studio Version 17
VisualStudioVersion = 17.2.32516.85
MinimumVisualStudioVersion = 10.0.40219.1
Project("{8BC9CEB8-8B4A-11D0-8D11-00A0C91BC942}") = "10.02.01 显式默认和显式删除01", "10.02.01 显式默认和显式删除01.vcxproj", "{4EA0AD8B-4E14-48BB-90C2-12B0FC4A6A11}"
EndProject
Global
	GlobalSection(SolutionConfigurationPlatforms) = preSolution
		Debug|x64 = Debug|x64
		Debug|x86 = Debug|x86
		Release|x64 = Release|x64
		Release|x86 = Release|x86
	EndGlobalSection
	GlobalSection(ProjectConfigurationPlatforms) = postSolution
		{4EA0AD8B-4E14-48BB-90C2-12B0FC4A6A11}.Debug|x64.ActiveCfg = Debug|x64
		{4EA0AD8B-4E14-48BB-90C2-12B0FC4A6A11}.Debug|x64.Build.0 = Debug|x64
		{4EA0AD8B-4E14-48BB-90C2-12B0FC4A6A11}.Debug|x86.ActiveCfg = Debug|Win32
		{4EA0AD8B-4E14-48BB-90C2-12B0FC4A6A11}.Debug|x86.Build.0 = Debug|Win32
		{4EA0AD8B-4E14-48BB-90C2-12B0FC4A6A11}.Release|x64.ActiveCfg = Release|x64
		{4EA0AD8B-4E14-48BB-90C2-12B0FC4A6A11}.Release|x64.Build.0 = Release|x64
		{4EA0AD8B-4E14-48BB-90C2-12B0FC4A6A11}.Release|x86.ActiveCfg = Release|Win32
		{4EA0AD8B-4E14-48BB-90C2-12B0FC4A6A11}.Release|x86.Build.0 = Release|Win32
	EndGlobalSection
	GlobalSection(SolutionProperties) = preSolution
		HideSolutionNode = FALSE
	EndGlobalSection
	GlobalSection(ExtensibilityGlobals) = postSolution
		SolutionGuid = {F841659B-7E24-4779-8CB9-4BC220331AD9}
	EndGlobalSection
EndGlobal
