
Microsoft Visual Studio Solution File, Format Version 12.00
# Visual Studio Version 17
VisualStudioVersion = 17.3.32825.248
MinimumVisualStudioVersion = 10.0.40219.1
Project("{8BC9CEB8-8B4A-11D0-8D11-00A0C91BC942}") = "41.06.04 嵌套要求", "41.06.04 嵌套要求.vcxproj", "{CA7696B5-C06F-4F35-A058-FB25801DB3E8}"
EndProject
Global
	GlobalSection(SolutionConfigurationPlatforms) = preSolution
		Debug|x64 = Debug|x64
		Debug|x86 = Debug|x86
		Release|x64 = Release|x64
		Release|x86 = Release|x86
	EndGlobalSection
	GlobalSection(ProjectConfigurationPlatforms) = postSolution
		{CA7696B5-C06F-4F35-A058-FB25801DB3E8}.Debug|x64.ActiveCfg = Debug|x64
		{CA7696B5-C06F-4F35-A058-FB25801DB3E8}.Debug|x64.Build.0 = Debug|x64
		{CA7696B5-C06F-4F35-A058-FB25801DB3E8}.Debug|x86.ActiveCfg = Debug|Win32
		{CA7696B5-C06F-4F35-A058-FB25801DB3E8}.Debug|x86.Build.0 = Debug|Win32
		{CA7696B5-C06F-4F35-A058-FB25801DB3E8}.Release|x64.ActiveCfg = Release|x64
		{CA7696B5-C06F-4F35-A058-FB25801DB3E8}.Release|x64.Build.0 = Release|x64
		{CA7696B5-C06F-4F35-A058-FB25801DB3E8}.Release|x86.ActiveCfg = Release|Win32
		{CA7696B5-C06F-4F35-A058-FB25801DB3E8}.Release|x86.Build.0 = Release|Win32
	EndGlobalSection
	GlobalSection(SolutionProperties) = preSolution
		HideSolutionNode = FALSE
	EndGlobalSection
	GlobalSection(ExtensibilityGlobals) = postSolution
		SolutionGuid = {9CEFF6BE-A968-4567-BC02-1B4441EABB35}
	EndGlobalSection
EndGlobal
