
Microsoft Visual Studio Solution File, Format Version 12.00
# Visual Studio Version 17
VisualStudioVersion = 17.3.32825.248
MinimumVisualStudioVersion = 10.0.40219.1
Project("{8BC9CEB8-8B4A-11D0-8D11-00A0C91BC942}") = "20.02 C++20下的auto[ignore,value]", "20.02 C++20下的auto[ignore,value].vcxproj", "{513707BB-B23D-46A7-B528-59541E7E05AA}"
EndProject
Global
	GlobalSection(SolutionConfigurationPlatforms) = preSolution
		Debug|x64 = Debug|x64
		Debug|x86 = Debug|x86
		Release|x64 = Release|x64
		Release|x86 = Release|x86
	EndGlobalSection
	GlobalSection(ProjectConfigurationPlatforms) = postSolution
		{513707BB-B23D-46A7-B528-59541E7E05AA}.Debug|x64.ActiveCfg = Debug|x64
		{513707BB-B23D-46A7-B528-59541E7E05AA}.Debug|x64.Build.0 = Debug|x64
		{513707BB-B23D-46A7-B528-59541E7E05AA}.Debug|x86.ActiveCfg = Debug|Win32
		{513707BB-B23D-46A7-B528-59541E7E05AA}.Debug|x86.Build.0 = Debug|Win32
		{513707BB-B23D-46A7-B528-59541E7E05AA}.Release|x64.ActiveCfg = Release|x64
		{513707BB-B23D-46A7-B528-59541E7E05AA}.Release|x64.Build.0 = Release|x64
		{513707BB-B23D-46A7-B528-59541E7E05AA}.Release|x86.ActiveCfg = Release|Win32
		{513707BB-B23D-46A7-B528-59541E7E05AA}.Release|x86.Build.0 = Release|Win32
	EndGlobalSection
	GlobalSection(SolutionProperties) = preSolution
		HideSolutionNode = FALSE
	EndGlobalSection
	GlobalSection(ExtensibilityGlobals) = postSolution
		SolutionGuid = {1D92BC23-69BE-4D40-9A50-FB8D8BBAA2AF}
	EndGlobalSection
EndGlobal
