
Microsoft Visual Studio Solution File, Format Version 12.00
# Visual Studio Version 17
VisualStudioVersion = 17.2.32526.322
MinimumVisualStudioVersion = 10.0.40219.1
Project("{8BC9CEB8-8B4A-11D0-8D11-00A0C91BC942}") = "14.04 使用using打开强枚举类型", "14.04 使用using打开强枚举类型.vcxproj", "{91385CF6-1646-47BF-A031-BF0EDCE1B63E}"
EndProject
Global
	GlobalSection(SolutionConfigurationPlatforms) = preSolution
		Debug|x64 = Debug|x64
		Debug|x86 = Debug|x86
		Release|x64 = Release|x64
		Release|x86 = Release|x86
	EndGlobalSection
	GlobalSection(ProjectConfigurationPlatforms) = postSolution
		{91385CF6-1646-47BF-A031-BF0EDCE1B63E}.Debug|x64.ActiveCfg = Debug|x64
		{91385CF6-1646-47BF-A031-BF0EDCE1B63E}.Debug|x64.Build.0 = Debug|x64
		{91385CF6-1646-47BF-A031-BF0EDCE1B63E}.Debug|x86.ActiveCfg = Debug|Win32
		{91385CF6-1646-47BF-A031-BF0EDCE1B63E}.Debug|x86.Build.0 = Debug|Win32
		{91385CF6-1646-47BF-A031-BF0EDCE1B63E}.Release|x64.ActiveCfg = Release|x64
		{91385CF6-1646-47BF-A031-BF0EDCE1B63E}.Release|x64.Build.0 = Release|x64
		{91385CF6-1646-47BF-A031-BF0EDCE1B63E}.Release|x86.ActiveCfg = Release|Win32
		{91385CF6-1646-47BF-A031-BF0EDCE1B63E}.Release|x86.Build.0 = Release|Win32
	EndGlobalSection
	GlobalSection(SolutionProperties) = preSolution
		HideSolutionNode = FALSE
	EndGlobalSection
	GlobalSection(ExtensibilityGlobals) = postSolution
		SolutionGuid = {E25AB964-0246-4CB8-8D35-A972E4EE6B6E}
	EndGlobalSection
EndGlobal
