
Microsoft Visual Studio Solution File, Format Version 12.00
# Visual Studio Version 17
VisualStudioVersion = 17.3.32825.248
MinimumVisualStudioVersion = 10.0.40219.1
Project("{8BC9CEB8-8B4A-11D0-8D11-00A0C91BC942}") = "42.02 连续右尖括号的解析优化", "42.02 连续右尖括号的解析优化.vcxproj", "{436240E8-2B9B-4D95-A463-AF6C517D8345}"
EndProject
Global
	GlobalSection(SolutionConfigurationPlatforms) = preSolution
		Debug|x64 = Debug|x64
		Debug|x86 = Debug|x86
		Release|x64 = Release|x64
		Release|x86 = Release|x86
	EndGlobalSection
	GlobalSection(ProjectConfigurationPlatforms) = postSolution
		{436240E8-2B9B-4D95-A463-AF6C517D8345}.Debug|x64.ActiveCfg = Debug|x64
		{436240E8-2B9B-4D95-A463-AF6C517D8345}.Debug|x64.Build.0 = Debug|x64
		{436240E8-2B9B-4D95-A463-AF6C517D8345}.Debug|x86.ActiveCfg = Debug|Win32
		{436240E8-2B9B-4D95-A463-AF6C517D8345}.Debug|x86.Build.0 = Debug|Win32
		{436240E8-2B9B-4D95-A463-AF6C517D8345}.Release|x64.ActiveCfg = Release|x64
		{436240E8-2B9B-4D95-A463-AF6C517D8345}.Release|x64.Build.0 = Release|x64
		{436240E8-2B9B-4D95-A463-AF6C517D8345}.Release|x86.ActiveCfg = Release|Win32
		{436240E8-2B9B-4D95-A463-AF6C517D8345}.Release|x86.Build.0 = Release|Win32
	EndGlobalSection
	GlobalSection(SolutionProperties) = preSolution
		HideSolutionNode = FALSE
	EndGlobalSection
	GlobalSection(ExtensibilityGlobals) = postSolution
		SolutionGuid = {2B2C0B31-4DA0-4CD1-B7AB-A5D71684A85C}
	EndGlobalSection
EndGlobal
