
Microsoft Visual Studio Solution File, Format Version 12.00
# Visual Studio Version 17
VisualStudioVersion = 17.3.32825.248
MinimumVisualStudioVersion = 10.0.40219.1
Project("{8BC9CEB8-8B4A-11D0-8D11-00A0C91BC942}") = "31.05.06 maybe_unused", "31.05.06 maybe_unused.vcxproj", "{E2166D9B-9424-48F4-AB5C-EC4D494E8BF0}"
EndProject
Global
	GlobalSection(SolutionConfigurationPlatforms) = preSolution
		Debug|x64 = Debug|x64
		Debug|x86 = Debug|x86
		Release|x64 = Release|x64
		Release|x86 = Release|x86
	EndGlobalSection
	GlobalSection(ProjectConfigurationPlatforms) = postSolution
		{E2166D9B-9424-48F4-AB5C-EC4D494E8BF0}.Debug|x64.ActiveCfg = Debug|x64
		{E2166D9B-9424-48F4-AB5C-EC4D494E8BF0}.Debug|x64.Build.0 = Debug|x64
		{E2166D9B-9424-48F4-AB5C-EC4D494E8BF0}.Debug|x86.ActiveCfg = Debug|Win32
		{E2166D9B-9424-48F4-AB5C-EC4D494E8BF0}.Debug|x86.Build.0 = Debug|Win32
		{E2166D9B-9424-48F4-AB5C-EC4D494E8BF0}.Release|x64.ActiveCfg = Release|x64
		{E2166D9B-9424-48F4-AB5C-EC4D494E8BF0}.Release|x64.Build.0 = Release|x64
		{E2166D9B-9424-48F4-AB5C-EC4D494E8BF0}.Release|x86.ActiveCfg = Release|Win32
		{E2166D9B-9424-48F4-AB5C-EC4D494E8BF0}.Release|x86.Build.0 = Release|Win32
	EndGlobalSection
	GlobalSection(SolutionProperties) = preSolution
		HideSolutionNode = FALSE
	EndGlobalSection
	GlobalSection(ExtensibilityGlobals) = postSolution
		SolutionGuid = {750195CA-D1FE-420E-9430-5F9AA4860BDE}
	EndGlobalSection
EndGlobal
