
Microsoft Visual Studio Solution File, Format Version 12.00
# Visual Studio Version 17
VisualStudioVersion = 17.2.32516.85
MinimumVisualStudioVersion = 10.0.40219.1
Project("{8BC9CEB8-8B4A-11D0-8D11-00A0C91BC942}") = "04.02 一个美中不足的模板", "04.02 一个美中不足的模板.vcxproj", "{208FF49B-1CC8-458E-9A65-A0C2C1BDCDB6}"
EndProject
Global
	GlobalSection(SolutionConfigurationPlatforms) = preSolution
		Debug|x64 = Debug|x64
		Debug|x86 = Debug|x86
		Release|x64 = Release|x64
		Release|x86 = Release|x86
	EndGlobalSection
	GlobalSection(ProjectConfigurationPlatforms) = postSolution
		{208FF49B-1CC8-458E-9A65-A0C2C1BDCDB6}.Debug|x64.ActiveCfg = Debug|x64
		{208FF49B-1CC8-458E-9A65-A0C2C1BDCDB6}.Debug|x64.Build.0 = Debug|x64
		{208FF49B-1CC8-458E-9A65-A0C2C1BDCDB6}.Debug|x86.ActiveCfg = Debug|Win32
		{208FF49B-1CC8-458E-9A65-A0C2C1BDCDB6}.Debug|x86.Build.0 = Debug|Win32
		{208FF49B-1CC8-458E-9A65-A0C2C1BDCDB6}.Release|x64.ActiveCfg = Release|x64
		{208FF49B-1CC8-458E-9A65-A0C2C1BDCDB6}.Release|x64.Build.0 = Release|x64
		{208FF49B-1CC8-458E-9A65-A0C2C1BDCDB6}.Release|x86.ActiveCfg = Release|Win32
		{208FF49B-1CC8-458E-9A65-A0C2C1BDCDB6}.Release|x86.Build.0 = Release|Win32
	EndGlobalSection
	GlobalSection(SolutionProperties) = preSolution
		HideSolutionNode = FALSE
	EndGlobalSection
	GlobalSection(ExtensibilityGlobals) = postSolution
		SolutionGuid = {0E7372A9-CDF7-4CED-94A2-6CAA9EE59F9D}
	EndGlobalSection
EndGlobal
