
Microsoft Visual Studio Solution File, Format Version 12.00
# Visual Studio Version 17
VisualStudioVersion = 17.3.32825.248
MinimumVisualStudioVersion = 10.0.40219.1
Project("{8BC9CEB8-8B4A-11D0-8D11-00A0C91BC942}") = "20.01 结构化绑定", "20.01 结构化绑定.vcxproj", "{00FDA50E-45AA-483F-AE40-658F11FB99F3}"
EndProject
Global
	GlobalSection(SolutionConfigurationPlatforms) = preSolution
		Debug|x64 = Debug|x64
		Debug|x86 = Debug|x86
		Release|x64 = Release|x64
		Release|x86 = Release|x86
	EndGlobalSection
	GlobalSection(ProjectConfigurationPlatforms) = postSolution
		{00FDA50E-45AA-483F-AE40-658F11FB99F3}.Debug|x64.ActiveCfg = Debug|x64
		{00FDA50E-45AA-483F-AE40-658F11FB99F3}.Debug|x64.Build.0 = Debug|x64
		{00FDA50E-45AA-483F-AE40-658F11FB99F3}.Debug|x86.ActiveCfg = Debug|Win32
		{00FDA50E-45AA-483F-AE40-658F11FB99F3}.Debug|x86.Build.0 = Debug|Win32
		{00FDA50E-45AA-483F-AE40-658F11FB99F3}.Release|x64.ActiveCfg = Release|x64
		{00FDA50E-45AA-483F-AE40-658F11FB99F3}.Release|x64.Build.0 = Release|x64
		{00FDA50E-45AA-483F-AE40-658F11FB99F3}.Release|x86.ActiveCfg = Release|Win32
		{00FDA50E-45AA-483F-AE40-658F11FB99F3}.Release|x86.Build.0 = Release|Win32
	EndGlobalSection
	GlobalSection(SolutionProperties) = preSolution
		HideSolutionNode = FALSE
	EndGlobalSection
	GlobalSection(ExtensibilityGlobals) = postSolution
		SolutionGuid = {63FBE95D-0AAC-4F52-A098-B50D48778F31}
	EndGlobalSection
EndGlobal
