
Microsoft Visual Studio Solution File, Format Version 12.00
# Visual Studio Version 17
VisualStudioVersion = 17.2.32516.85
MinimumVisualStudioVersion = 10.0.40219.1
Project("{8BC9CEB8-8B4A-11D0-8D11-00A0C91BC942}") = "10.03.03 删除析构函数导致编译失败", "10.03.03 删除析构函数导致编译失败.vcxproj", "{C75B9779-9128-4E1D-B978-8091E08F3F82}"
EndProject
Global
	GlobalSection(SolutionConfigurationPlatforms) = preSolution
		Debug|x64 = Debug|x64
		Debug|x86 = Debug|x86
		Release|x64 = Release|x64
		Release|x86 = Release|x86
	EndGlobalSection
	GlobalSection(ProjectConfigurationPlatforms) = postSolution
		{C75B9779-9128-4E1D-B978-8091E08F3F82}.Debug|x64.ActiveCfg = Debug|x64
		{C75B9779-9128-4E1D-B978-8091E08F3F82}.Debug|x64.Build.0 = Debug|x64
		{C75B9779-9128-4E1D-B978-8091E08F3F82}.Debug|x86.ActiveCfg = Debug|Win32
		{C75B9779-9128-4E1D-B978-8091E08F3F82}.Debug|x86.Build.0 = Debug|Win32
		{C75B9779-9128-4E1D-B978-8091E08F3F82}.Release|x64.ActiveCfg = Release|x64
		{C75B9779-9128-4E1D-B978-8091E08F3F82}.Release|x64.Build.0 = Release|x64
		{C75B9779-9128-4E1D-B978-8091E08F3F82}.Release|x86.ActiveCfg = Release|Win32
		{C75B9779-9128-4E1D-B978-8091E08F3F82}.Release|x86.Build.0 = Release|Win32
	EndGlobalSection
	GlobalSection(SolutionProperties) = preSolution
		HideSolutionNode = FALSE
	EndGlobalSection
	GlobalSection(ExtensibilityGlobals) = postSolution
		SolutionGuid = {296CA9C6-A26B-4BD9-9892-41C810C4AAFA}
	EndGlobalSection
EndGlobal
