
Microsoft Visual Studio Solution File, Format Version 12.00
# Visual Studio Version 17
VisualStudioVersion = 17.2.32526.322
MinimumVisualStudioVersion = 10.0.40219.1
Project("{8BC9CEB8-8B4A-11D0-8D11-00A0C91BC942}") = "14.03 列表初始化有底层类型的枚举对象", "14.03 列表初始化有底层类型的枚举对象.vcxproj", "{F07C7DED-DA33-44A4-8F67-276A36215E72}"
EndProject
Global
	GlobalSection(SolutionConfigurationPlatforms) = preSolution
		Debug|x64 = Debug|x64
		Debug|x86 = Debug|x86
		Release|x64 = Release|x64
		Release|x86 = Release|x86
	EndGlobalSection
	GlobalSection(ProjectConfigurationPlatforms) = postSolution
		{F07C7DED-DA33-44A4-8F67-276A36215E72}.Debug|x64.ActiveCfg = Debug|x64
		{F07C7DED-DA33-44A4-8F67-276A36215E72}.Debug|x64.Build.0 = Debug|x64
		{F07C7DED-DA33-44A4-8F67-276A36215E72}.Debug|x86.ActiveCfg = Debug|Win32
		{F07C7DED-DA33-44A4-8F67-276A36215E72}.Debug|x86.Build.0 = Debug|Win32
		{F07C7DED-DA33-44A4-8F67-276A36215E72}.Release|x64.ActiveCfg = Release|x64
		{F07C7DED-DA33-44A4-8F67-276A36215E72}.Release|x64.Build.0 = Release|x64
		{F07C7DED-DA33-44A4-8F67-276A36215E72}.Release|x86.ActiveCfg = Release|Win32
		{F07C7DED-DA33-44A4-8F67-276A36215E72}.Release|x86.Build.0 = Release|Win32
	EndGlobalSection
	GlobalSection(SolutionProperties) = preSolution
		HideSolutionNode = FALSE
	EndGlobalSection
	GlobalSection(ExtensibilityGlobals) = postSolution
		SolutionGuid = {EEFF86E4-7161-4825-9EFE-418C8BD20B5A}
	EndGlobalSection
EndGlobal
