
Microsoft Visual Studio Solution File, Format Version 12.00
# Visual Studio Version 17
VisualStudioVersion = 17.2.32516.85
MinimumVisualStudioVersion = 10.0.40219.1
Project("{8BC9CEB8-8B4A-11D0-8D11-00A0C91BC942}") = "08.01 使用默认初始化", "08.01 使用默认初始化.vcxproj", "{AE79D935-1D04-47BF-885D-0EF5CA96FDBA}"
EndProject
Global
	GlobalSection(SolutionConfigurationPlatforms) = preSolution
		Debug|x64 = Debug|x64
		Debug|x86 = Debug|x86
		Release|x64 = Release|x64
		Release|x86 = Release|x86
	EndGlobalSection
	GlobalSection(ProjectConfigurationPlatforms) = postSolution
		{AE79D935-1D04-47BF-885D-0EF5CA96FDBA}.Debug|x64.ActiveCfg = Debug|x64
		{AE79D935-1D04-47BF-885D-0EF5CA96FDBA}.Debug|x64.Build.0 = Debug|x64
		{AE79D935-1D04-47BF-885D-0EF5CA96FDBA}.Debug|x86.ActiveCfg = Debug|Win32
		{AE79D935-1D04-47BF-885D-0EF5CA96FDBA}.Debug|x86.Build.0 = Debug|Win32
		{AE79D935-1D04-47BF-885D-0EF5CA96FDBA}.Release|x64.ActiveCfg = Release|x64
		{AE79D935-1D04-47BF-885D-0EF5CA96FDBA}.Release|x64.Build.0 = Release|x64
		{AE79D935-1D04-47BF-885D-0EF5CA96FDBA}.Release|x86.ActiveCfg = Release|Win32
		{AE79D935-1D04-47BF-885D-0EF5CA96FDBA}.Release|x86.Build.0 = Release|Win32
	EndGlobalSection
	GlobalSection(SolutionProperties) = preSolution
		HideSolutionNode = FALSE
	EndGlobalSection
	GlobalSection(ExtensibilityGlobals) = postSolution
		SolutionGuid = {091410DE-C159-409D-95F4-D5898956EFCC}
	EndGlobalSection
EndGlobal
