
Microsoft Visual Studio Solution File, Format Version 12.00
# Visual Studio Version 17
VisualStudioVersion = 17.3.32825.248
MinimumVisualStudioVersion = 10.0.40219.1
Project("{8BC9CEB8-8B4A-11D0-8D11-00A0C91BC942}") = "42.04 专注于定义变量", "42.04 专注于定义变量.vcxproj", "{A0FED1C4-CC2C-4B7E-BEC8-D1F2F9A3B826}"
EndProject
Global
	GlobalSection(SolutionConfigurationPlatforms) = preSolution
		Debug|x64 = Debug|x64
		Debug|x86 = Debug|x86
		Release|x64 = Release|x64
		Release|x86 = Release|x86
	EndGlobalSection
	GlobalSection(ProjectConfigurationPlatforms) = postSolution
		{A0FED1C4-CC2C-4B7E-BEC8-D1F2F9A3B826}.Debug|x64.ActiveCfg = Debug|x64
		{A0FED1C4-CC2C-4B7E-BEC8-D1F2F9A3B826}.Debug|x64.Build.0 = Debug|x64
		{A0FED1C4-CC2C-4B7E-BEC8-D1F2F9A3B826}.Debug|x86.ActiveCfg = Debug|Win32
		{A0FED1C4-CC2C-4B7E-BEC8-D1F2F9A3B826}.Debug|x86.Build.0 = Debug|Win32
		{A0FED1C4-CC2C-4B7E-BEC8-D1F2F9A3B826}.Release|x64.ActiveCfg = Release|x64
		{A0FED1C4-CC2C-4B7E-BEC8-D1F2F9A3B826}.Release|x64.Build.0 = Release|x64
		{A0FED1C4-CC2C-4B7E-BEC8-D1F2F9A3B826}.Release|x86.ActiveCfg = Release|Win32
		{A0FED1C4-CC2C-4B7E-BEC8-D1F2F9A3B826}.Release|x86.Build.0 = Release|Win32
	EndGlobalSection
	GlobalSection(SolutionProperties) = preSolution
		HideSolutionNode = FALSE
	EndGlobalSection
	GlobalSection(ExtensibilityGlobals) = postSolution
		SolutionGuid = {B080E975-3847-4DE1-B219-25C974849BA3}
	EndGlobalSection
EndGlobal
