
Microsoft Visual Studio Solution File, Format Version 12.00
# Visual Studio Version 17
VisualStudioVersion = 17.2.32516.85
MinimumVisualStudioVersion = 10.0.40219.1
Project("{8BC9CEB8-8B4A-11D0-8D11-00A0C91BC942}") = "09.03.02 初始化列表指针", "09.03.02 初始化列表指针.vcxproj", "{F5A79D06-F7B7-4F60-8B9F-949787F1209C}"
EndProject
Global
	GlobalSection(SolutionConfigurationPlatforms) = preSolution
		Debug|x64 = Debug|x64
		Debug|x86 = Debug|x86
		Release|x64 = Release|x64
		Release|x86 = Release|x86
	EndGlobalSection
	GlobalSection(ProjectConfigurationPlatforms) = postSolution
		{F5A79D06-F7B7-4F60-8B9F-949787F1209C}.Debug|x64.ActiveCfg = Debug|x64
		{F5A79D06-F7B7-4F60-8B9F-949787F1209C}.Debug|x64.Build.0 = Debug|x64
		{F5A79D06-F7B7-4F60-8B9F-949787F1209C}.Debug|x86.ActiveCfg = Debug|Win32
		{F5A79D06-F7B7-4F60-8B9F-949787F1209C}.Debug|x86.Build.0 = Debug|Win32
		{F5A79D06-F7B7-4F60-8B9F-949787F1209C}.Release|x64.ActiveCfg = Release|x64
		{F5A79D06-F7B7-4F60-8B9F-949787F1209C}.Release|x64.Build.0 = Release|x64
		{F5A79D06-F7B7-4F60-8B9F-949787F1209C}.Release|x86.ActiveCfg = Release|Win32
		{F5A79D06-F7B7-4F60-8B9F-949787F1209C}.Release|x86.Build.0 = Release|Win32
	EndGlobalSection
	GlobalSection(SolutionProperties) = preSolution
		HideSolutionNode = FALSE
	EndGlobalSection
	GlobalSection(ExtensibilityGlobals) = postSolution
		SolutionGuid = {4D7ACEC7-5E39-4150-B10F-FC5E585D0E79}
	EndGlobalSection
EndGlobal
