
Microsoft Visual Studio Solution File, Format Version 12.00
# Visual Studio Version 17
VisualStudioVersion = 17.3.32825.248
MinimumVisualStudioVersion = 10.0.40219.1
Project("{8BC9CEB8-8B4A-11D0-8D11-00A0C91BC942}") = "27.09.03 27.09.02版本的改进", "27.09.03 27.09.02版本的改进.vcxproj", "{37052B4F-1CAF-4A6F-9102-1B42B426AEE5}"
EndProject
Global
	GlobalSection(SolutionConfigurationPlatforms) = preSolution
		Debug|x64 = Debug|x64
		Debug|x86 = Debug|x86
		Release|x64 = Release|x64
		Release|x86 = Release|x86
	EndGlobalSection
	GlobalSection(ProjectConfigurationPlatforms) = postSolution
		{37052B4F-1CAF-4A6F-9102-1B42B426AEE5}.Debug|x64.ActiveCfg = Debug|x64
		{37052B4F-1CAF-4A6F-9102-1B42B426AEE5}.Debug|x64.Build.0 = Debug|x64
		{37052B4F-1CAF-4A6F-9102-1B42B426AEE5}.Debug|x86.ActiveCfg = Debug|Win32
		{37052B4F-1CAF-4A6F-9102-1B42B426AEE5}.Debug|x86.Build.0 = Debug|Win32
		{37052B4F-1CAF-4A6F-9102-1B42B426AEE5}.Release|x64.ActiveCfg = Release|x64
		{37052B4F-1CAF-4A6F-9102-1B42B426AEE5}.Release|x64.Build.0 = Release|x64
		{37052B4F-1CAF-4A6F-9102-1B42B426AEE5}.Release|x86.ActiveCfg = Release|Win32
		{37052B4F-1CAF-4A6F-9102-1B42B426AEE5}.Release|x86.Build.0 = Release|Win32
	EndGlobalSection
	GlobalSection(SolutionProperties) = preSolution
		HideSolutionNode = FALSE
	EndGlobalSection
	GlobalSection(ExtensibilityGlobals) = postSolution
		SolutionGuid = {F9BD7A94-6226-46A2-9EF3-EE61E4FEDD9B}
	EndGlobalSection
EndGlobal
