
Microsoft Visual Studio Solution File, Format Version 12.00
# Visual Studio Version 17
VisualStudioVersion = 17.3.32825.248
MinimumVisualStudioVersion = 10.0.40219.1
Project("{8BC9CEB8-8B4A-11D0-8D11-00A0C91BC942}") = "27.09.01 if constexpr", "27.09.01 if constexpr.vcxproj", "{EA219D54-4843-423A-8DDD-63336FE595F7}"
EndProject
Global
	GlobalSection(SolutionConfigurationPlatforms) = preSolution
		Debug|x64 = Debug|x64
		Debug|x86 = Debug|x86
		Release|x64 = Release|x64
		Release|x86 = Release|x86
	EndGlobalSection
	GlobalSection(ProjectConfigurationPlatforms) = postSolution
		{EA219D54-4843-423A-8DDD-63336FE595F7}.Debug|x64.ActiveCfg = Debug|x64
		{EA219D54-4843-423A-8DDD-63336FE595F7}.Debug|x64.Build.0 = Debug|x64
		{EA219D54-4843-423A-8DDD-63336FE595F7}.Debug|x86.ActiveCfg = Debug|Win32
		{EA219D54-4843-423A-8DDD-63336FE595F7}.Debug|x86.Build.0 = Debug|Win32
		{EA219D54-4843-423A-8DDD-63336FE595F7}.Release|x64.ActiveCfg = Release|x64
		{EA219D54-4843-423A-8DDD-63336FE595F7}.Release|x64.Build.0 = Release|x64
		{EA219D54-4843-423A-8DDD-63336FE595F7}.Release|x86.ActiveCfg = Release|Win32
		{EA219D54-4843-423A-8DDD-63336FE595F7}.Release|x86.Build.0 = Release|Win32
	EndGlobalSection
	GlobalSection(SolutionProperties) = preSolution
		HideSolutionNode = FALSE
	EndGlobalSection
	GlobalSection(ExtensibilityGlobals) = postSolution
		SolutionGuid = {658E5910-3C47-4981-A6D7-58F2503F25E6}
	EndGlobalSection
EndGlobal
