
Microsoft Visual Studio Solution File, Format Version 12.00
# Visual Studio Version 17
VisualStudioVersion = 17.3.32825.248
MinimumVisualStudioVersion = 10.0.40219.1
Project("{8BC9CEB8-8B4A-11D0-8D11-00A0C91BC942}") = "31.05.03 deprecated属性", "31.05.03 deprecated属性.vcxproj", "{392AF6EA-7E98-4257-85E3-402EF376174A}"
EndProject
Global
	GlobalSection(SolutionConfigurationPlatforms) = preSolution
		Debug|x64 = Debug|x64
		Debug|x86 = Debug|x86
		Release|x64 = Release|x64
		Release|x86 = Release|x86
	EndGlobalSection
	GlobalSection(ProjectConfigurationPlatforms) = postSolution
		{392AF6EA-7E98-4257-85E3-402EF376174A}.Debug|x64.ActiveCfg = Debug|x64
		{392AF6EA-7E98-4257-85E3-402EF376174A}.Debug|x64.Build.0 = Debug|x64
		{392AF6EA-7E98-4257-85E3-402EF376174A}.Debug|x86.ActiveCfg = Debug|Win32
		{392AF6EA-7E98-4257-85E3-402EF376174A}.Debug|x86.Build.0 = Debug|Win32
		{392AF6EA-7E98-4257-85E3-402EF376174A}.Release|x64.ActiveCfg = Release|x64
		{392AF6EA-7E98-4257-85E3-402EF376174A}.Release|x64.Build.0 = Release|x64
		{392AF6EA-7E98-4257-85E3-402EF376174A}.Release|x86.ActiveCfg = Release|Win32
		{392AF6EA-7E98-4257-85E3-402EF376174A}.Release|x86.Build.0 = Release|Win32
	EndGlobalSection
	GlobalSection(SolutionProperties) = preSolution
		HideSolutionNode = FALSE
	EndGlobalSection
	GlobalSection(ExtensibilityGlobals) = postSolution
		SolutionGuid = {853DC521-5C20-4A90-BA42-C149CE4F4711}
	EndGlobalSection
EndGlobal
