
Microsoft Visual Studio Solution File, Format Version 12.00
# Visual Studio Version 17
VisualStudioVersion = 17.3.32825.248
MinimumVisualStudioVersion = 10.0.40219.1
Project("{8BC9CEB8-8B4A-11D0-8D11-00A0C91BC942}") = "27.16 判断常量求职环境", "27.16 判断常量求职环境.vcxproj", "{56525B42-E95E-4EBF-8798-F52D55AD56A0}"
EndProject
Global
	GlobalSection(SolutionConfigurationPlatforms) = preSolution
		Debug|x64 = Debug|x64
		Debug|x86 = Debug|x86
		Release|x64 = Release|x64
		Release|x86 = Release|x86
	EndGlobalSection
	GlobalSection(ProjectConfigurationPlatforms) = postSolution
		{56525B42-E95E-4EBF-8798-F52D55AD56A0}.Debug|x64.ActiveCfg = Debug|x64
		{56525B42-E95E-4EBF-8798-F52D55AD56A0}.Debug|x64.Build.0 = Debug|x64
		{56525B42-E95E-4EBF-8798-F52D55AD56A0}.Debug|x86.ActiveCfg = Debug|Win32
		{56525B42-E95E-4EBF-8798-F52D55AD56A0}.Debug|x86.Build.0 = Debug|Win32
		{56525B42-E95E-4EBF-8798-F52D55AD56A0}.Release|x64.ActiveCfg = Release|x64
		{56525B42-E95E-4EBF-8798-F52D55AD56A0}.Release|x64.Build.0 = Release|x64
		{56525B42-E95E-4EBF-8798-F52D55AD56A0}.Release|x86.ActiveCfg = Release|Win32
		{56525B42-E95E-4EBF-8798-F52D55AD56A0}.Release|x86.Build.0 = Release|Win32
	EndGlobalSection
	GlobalSection(SolutionProperties) = preSolution
		HideSolutionNode = FALSE
	EndGlobalSection
	GlobalSection(ExtensibilityGlobals) = postSolution
		SolutionGuid = {469E2E96-DF8A-43F4-B614-EEDCC8D831E6}
	EndGlobalSection
EndGlobal
