
Microsoft Visual Studio Solution File, Format Version 12.00
# Visual Studio Version 17
VisualStudioVersion = 17.3.32825.248
MinimumVisualStudioVersion = 10.0.40219.1
Project("{8BC9CEB8-8B4A-11D0-8D11-00A0C91BC942}") = "41.04.01 使用requires子句直接约束模板实参", "41.04.01 使用requires子句直接约束模板实参.vcxproj", "{BFDBE927-2070-4FF1-B65A-D8C56B3A30A6}"
EndProject
Global
	GlobalSection(SolutionConfigurationPlatforms) = preSolution
		Debug|x64 = Debug|x64
		Debug|x86 = Debug|x86
		Release|x64 = Release|x64
		Release|x86 = Release|x86
	EndGlobalSection
	GlobalSection(ProjectConfigurationPlatforms) = postSolution
		{BFDBE927-2070-4FF1-B65A-D8C56B3A30A6}.Debug|x64.ActiveCfg = Debug|x64
		{BFDBE927-2070-4FF1-B65A-D8C56B3A30A6}.Debug|x64.Build.0 = Debug|x64
		{BFDBE927-2070-4FF1-B65A-D8C56B3A30A6}.Debug|x86.ActiveCfg = Debug|Win32
		{BFDBE927-2070-4FF1-B65A-D8C56B3A30A6}.Debug|x86.Build.0 = Debug|Win32
		{BFDBE927-2070-4FF1-B65A-D8C56B3A30A6}.Release|x64.ActiveCfg = Release|x64
		{BFDBE927-2070-4FF1-B65A-D8C56B3A30A6}.Release|x64.Build.0 = Release|x64
		{BFDBE927-2070-4FF1-B65A-D8C56B3A30A6}.Release|x86.ActiveCfg = Release|Win32
		{BFDBE927-2070-4FF1-B65A-D8C56B3A30A6}.Release|x86.Build.0 = Release|Win32
	EndGlobalSection
	GlobalSection(SolutionProperties) = preSolution
		HideSolutionNode = FALSE
	EndGlobalSection
	GlobalSection(ExtensibilityGlobals) = postSolution
		SolutionGuid = {1D52C6D8-D4B7-4157-8563-E0D1E0BD39AF}
	EndGlobalSection
EndGlobal
