
Microsoft Visual Studio Solution File, Format Version 12.00
# Visual Studio Version 17
VisualStudioVersion = 17.3.32825.248
MinimumVisualStudioVersion = 10.0.40219.1
Project("{8BC9CEB8-8B4A-11D0-8D11-00A0C91BC942}") = "31.05.08 [[no_unique_address]]", "31.05.08 [[no_unique_address]].vcxproj", "{35A04259-A1CD-4C1C-914F-2B40314A44F5}"
EndProject
Global
	GlobalSection(SolutionConfigurationPlatforms) = preSolution
		Debug|x64 = Debug|x64
		Debug|x86 = Debug|x86
		Release|x64 = Release|x64
		Release|x86 = Release|x86
	EndGlobalSection
	GlobalSection(ProjectConfigurationPlatforms) = postSolution
		{35A04259-A1CD-4C1C-914F-2B40314A44F5}.Debug|x64.ActiveCfg = Debug|x64
		{35A04259-A1CD-4C1C-914F-2B40314A44F5}.Debug|x64.Build.0 = Debug|x64
		{35A04259-A1CD-4C1C-914F-2B40314A44F5}.Debug|x86.ActiveCfg = Debug|Win32
		{35A04259-A1CD-4C1C-914F-2B40314A44F5}.Debug|x86.Build.0 = Debug|Win32
		{35A04259-A1CD-4C1C-914F-2B40314A44F5}.Release|x64.ActiveCfg = Release|x64
		{35A04259-A1CD-4C1C-914F-2B40314A44F5}.Release|x64.Build.0 = Release|x64
		{35A04259-A1CD-4C1C-914F-2B40314A44F5}.Release|x86.ActiveCfg = Release|Win32
		{35A04259-A1CD-4C1C-914F-2B40314A44F5}.Release|x86.Build.0 = Release|Win32
	EndGlobalSection
	GlobalSection(SolutionProperties) = preSolution
		HideSolutionNode = FALSE
	EndGlobalSection
	GlobalSection(ExtensibilityGlobals) = postSolution
		SolutionGuid = {4EA0E52E-020E-4290-9B5E-38E14A10FE3F}
	EndGlobalSection
EndGlobal
