
Microsoft Visual Studio Solution File, Format Version 12.00
# Visual Studio Version 17
VisualStudioVersion = 17.3.32825.248
MinimumVisualStudioVersion = 10.0.40219.1
Project("{8BC9CEB8-8B4A-11D0-8D11-00A0C91BC942}") = "15.02 聚合类型的初始化01", "15.02 聚合类型的初始化01.vcxproj", "{D608825B-C56B-4E4E-BC96-5929EA126F24}"
EndProject
Global
	GlobalSection(SolutionConfigurationPlatforms) = preSolution
		Debug|x64 = Debug|x64
		Debug|x86 = Debug|x86
		Release|x64 = Release|x64
		Release|x86 = Release|x86
	EndGlobalSection
	GlobalSection(ProjectConfigurationPlatforms) = postSolution
		{D608825B-C56B-4E4E-BC96-5929EA126F24}.Debug|x64.ActiveCfg = Debug|x64
		{D608825B-C56B-4E4E-BC96-5929EA126F24}.Debug|x64.Build.0 = Debug|x64
		{D608825B-C56B-4E4E-BC96-5929EA126F24}.Debug|x86.ActiveCfg = Debug|Win32
		{D608825B-C56B-4E4E-BC96-5929EA126F24}.Debug|x86.Build.0 = Debug|Win32
		{D608825B-C56B-4E4E-BC96-5929EA126F24}.Release|x64.ActiveCfg = Release|x64
		{D608825B-C56B-4E4E-BC96-5929EA126F24}.Release|x64.Build.0 = Release|x64
		{D608825B-C56B-4E4E-BC96-5929EA126F24}.Release|x86.ActiveCfg = Release|Win32
		{D608825B-C56B-4E4E-BC96-5929EA126F24}.Release|x86.Build.0 = Release|Win32
	EndGlobalSection
	GlobalSection(SolutionProperties) = preSolution
		HideSolutionNode = FALSE
	EndGlobalSection
	GlobalSection(ExtensibilityGlobals) = postSolution
		SolutionGuid = {BFCF5779-3C8B-4372-BDE1-4DBB3CC5D5F4}
	EndGlobalSection
EndGlobal
