
Microsoft Visual Studio Solution File, Format Version 12.00
# Visual Studio Version 17
VisualStudioVersion = 17.2.32516.85
MinimumVisualStudioVersion = 10.0.40219.1
Project("{8BC9CEB8-8B4A-11D0-8D11-00A0C91BC942}") = "05.02.02", "05.02.02.vcxproj", "{B78CF747-D330-4C5B-B58D-C1776377A1BF}"
EndProject
Global
	GlobalSection(SolutionConfigurationPlatforms) = preSolution
		Debug|x64 = Debug|x64
		Debug|x86 = Debug|x86
		Release|x64 = Release|x64
		Release|x86 = Release|x86
	EndGlobalSection
	GlobalSection(ProjectConfigurationPlatforms) = postSolution
		{B78CF747-D330-4C5B-B58D-C1776377A1BF}.Debug|x64.ActiveCfg = Debug|x64
		{B78CF747-D330-4C5B-B58D-C1776377A1BF}.Debug|x64.Build.0 = Debug|x64
		{B78CF747-D330-4C5B-B58D-C1776377A1BF}.Debug|x86.ActiveCfg = Debug|Win32
		{B78CF747-D330-4C5B-B58D-C1776377A1BF}.Debug|x86.Build.0 = Debug|Win32
		{B78CF747-D330-4C5B-B58D-C1776377A1BF}.Release|x64.ActiveCfg = Release|x64
		{B78CF747-D330-4C5B-B58D-C1776377A1BF}.Release|x64.Build.0 = Release|x64
		{B78CF747-D330-4C5B-B58D-C1776377A1BF}.Release|x86.ActiveCfg = Release|Win32
		{B78CF747-D330-4C5B-B58D-C1776377A1BF}.Release|x86.Build.0 = Release|Win32
	EndGlobalSection
	GlobalSection(SolutionProperties) = preSolution
		HideSolutionNode = FALSE
	EndGlobalSection
	GlobalSection(ExtensibilityGlobals) = postSolution
		SolutionGuid = {2729862E-8F38-4094-9B9F-378EED8A09F5}
	EndGlobalSection
EndGlobal
