
Microsoft Visual Studio Solution File, Format Version 12.00
# Visual Studio Version 17
VisualStudioVersion = 17.3.32825.248
MinimumVisualStudioVersion = 10.0.40219.1
Project("{8BC9CEB8-8B4A-11D0-8D11-00A0C91BC942}") = "35.02.03 更灵活的模式", "35.02.03 更灵活的模式.vcxproj", "{BED164A1-613D-4BD7-825B-C15F7F8B7B05}"
EndProject
Global
	GlobalSection(SolutionConfigurationPlatforms) = preSolution
		Debug|x64 = Debug|x64
		Debug|x86 = Debug|x86
		Release|x64 = Release|x64
		Release|x86 = Release|x86
	EndGlobalSection
	GlobalSection(ProjectConfigurationPlatforms) = postSolution
		{BED164A1-613D-4BD7-825B-C15F7F8B7B05}.Debug|x64.ActiveCfg = Debug|x64
		{BED164A1-613D-4BD7-825B-C15F7F8B7B05}.Debug|x64.Build.0 = Debug|x64
		{BED164A1-613D-4BD7-825B-C15F7F8B7B05}.Debug|x86.ActiveCfg = Debug|Win32
		{BED164A1-613D-4BD7-825B-C15F7F8B7B05}.Debug|x86.Build.0 = Debug|Win32
		{BED164A1-613D-4BD7-825B-C15F7F8B7B05}.Release|x64.ActiveCfg = Release|x64
		{BED164A1-613D-4BD7-825B-C15F7F8B7B05}.Release|x64.Build.0 = Release|x64
		{BED164A1-613D-4BD7-825B-C15F7F8B7B05}.Release|x86.ActiveCfg = Release|Win32
		{BED164A1-613D-4BD7-825B-C15F7F8B7B05}.Release|x86.Build.0 = Release|Win32
	EndGlobalSection
	GlobalSection(SolutionProperties) = preSolution
		HideSolutionNode = FALSE
	EndGlobalSection
	GlobalSection(ExtensibilityGlobals) = postSolution
		SolutionGuid = {8A15F6A8-37CE-4D31-B1E1-98FC07B46FF8}
	EndGlobalSection
EndGlobal
