
Microsoft Visual Studio Solution File, Format Version 12.00
# Visual Studio Version 17
VisualStudioVersion = 17.2.32526.322
MinimumVisualStudioVersion = 10.0.40219.1
Project("{8BC9CEB8-8B4A-11D0-8D11-00A0C91BC942}") = "14.01.02 枚举类型的弊端", "14.01.02 枚举类型的弊端.vcxproj", "{5D87E206-D720-4B93-9D3A-D6CAC79E5C19}"
EndProject
Global
	GlobalSection(SolutionConfigurationPlatforms) = preSolution
		Debug|x64 = Debug|x64
		Debug|x86 = Debug|x86
		Release|x64 = Release|x64
		Release|x86 = Release|x86
	EndGlobalSection
	GlobalSection(ProjectConfigurationPlatforms) = postSolution
		{5D87E206-D720-4B93-9D3A-D6CAC79E5C19}.Debug|x64.ActiveCfg = Debug|x64
		{5D87E206-D720-4B93-9D3A-D6CAC79E5C19}.Debug|x64.Build.0 = Debug|x64
		{5D87E206-D720-4B93-9D3A-D6CAC79E5C19}.Debug|x86.ActiveCfg = Debug|Win32
		{5D87E206-D720-4B93-9D3A-D6CAC79E5C19}.Debug|x86.Build.0 = Debug|Win32
		{5D87E206-D720-4B93-9D3A-D6CAC79E5C19}.Release|x64.ActiveCfg = Release|x64
		{5D87E206-D720-4B93-9D3A-D6CAC79E5C19}.Release|x64.Build.0 = Release|x64
		{5D87E206-D720-4B93-9D3A-D6CAC79E5C19}.Release|x86.ActiveCfg = Release|Win32
		{5D87E206-D720-4B93-9D3A-D6CAC79E5C19}.Release|x86.Build.0 = Release|Win32
	EndGlobalSection
	GlobalSection(SolutionProperties) = preSolution
		HideSolutionNode = FALSE
	EndGlobalSection
	GlobalSection(ExtensibilityGlobals) = postSolution
		SolutionGuid = {97480D03-3762-402F-8940-06161C2444C9}
	EndGlobalSection
EndGlobal
