
Microsoft Visual Studio Solution File, Format Version 12.00
# Visual Studio Version 17
VisualStudioVersion = 17.3.32825.248
MinimumVisualStudioVersion = 10.0.40219.1
Project("{8BC9CEB8-8B4A-11D0-8D11-00A0C91BC942}") = "40.02.02 SFINAE", "40.02.02 SFINAE.vcxproj", "{00CE80E3-96F5-4A5F-B8FC-7D985502526B}"
EndProject
Global
	GlobalSection(SolutionConfigurationPlatforms) = preSolution
		Debug|x64 = Debug|x64
		Debug|x86 = Debug|x86
		Release|x64 = Release|x64
		Release|x86 = Release|x86
	EndGlobalSection
	GlobalSection(ProjectConfigurationPlatforms) = postSolution
		{00CE80E3-96F5-4A5F-B8FC-7D985502526B}.Debug|x64.ActiveCfg = Debug|x64
		{00CE80E3-96F5-4A5F-B8FC-7D985502526B}.Debug|x64.Build.0 = Debug|x64
		{00CE80E3-96F5-4A5F-B8FC-7D985502526B}.Debug|x86.ActiveCfg = Debug|Win32
		{00CE80E3-96F5-4A5F-B8FC-7D985502526B}.Debug|x86.Build.0 = Debug|Win32
		{00CE80E3-96F5-4A5F-B8FC-7D985502526B}.Release|x64.ActiveCfg = Release|x64
		{00CE80E3-96F5-4A5F-B8FC-7D985502526B}.Release|x64.Build.0 = Release|x64
		{00CE80E3-96F5-4A5F-B8FC-7D985502526B}.Release|x86.ActiveCfg = Release|Win32
		{00CE80E3-96F5-4A5F-B8FC-7D985502526B}.Release|x86.Build.0 = Release|Win32
	EndGlobalSection
	GlobalSection(SolutionProperties) = preSolution
		HideSolutionNode = FALSE
	EndGlobalSection
	GlobalSection(ExtensibilityGlobals) = postSolution
		SolutionGuid = {3DB56040-AABB-4D9A-AB1A-8371BC97255F}
	EndGlobalSection
EndGlobal
