
Microsoft Visual Studio Solution File, Format Version 12.00
# Visual Studio Version 17
VisualStudioVersion = 17.3.32825.248
MinimumVisualStudioVersion = 10.0.40219.1
Project("{8BC9CEB8-8B4A-11D0-8D11-00A0C91BC942}") = "35.05.03 有值初始化的向左叠的例子", "35.05.03 有值初始化的向左叠的例子.vcxproj", "{5D0D85FB-09BA-450C-82DC-1CF90E797937}"
EndProject
Global
	GlobalSection(SolutionConfigurationPlatforms) = preSolution
		Debug|x64 = Debug|x64
		Debug|x86 = Debug|x86
		Release|x64 = Release|x64
		Release|x86 = Release|x86
	EndGlobalSection
	GlobalSection(ProjectConfigurationPlatforms) = postSolution
		{5D0D85FB-09BA-450C-82DC-1CF90E797937}.Debug|x64.ActiveCfg = Debug|x64
		{5D0D85FB-09BA-450C-82DC-1CF90E797937}.Debug|x64.Build.0 = Debug|x64
		{5D0D85FB-09BA-450C-82DC-1CF90E797937}.Debug|x86.ActiveCfg = Debug|Win32
		{5D0D85FB-09BA-450C-82DC-1CF90E797937}.Debug|x86.Build.0 = Debug|Win32
		{5D0D85FB-09BA-450C-82DC-1CF90E797937}.Release|x64.ActiveCfg = Release|x64
		{5D0D85FB-09BA-450C-82DC-1CF90E797937}.Release|x64.Build.0 = Release|x64
		{5D0D85FB-09BA-450C-82DC-1CF90E797937}.Release|x86.ActiveCfg = Release|Win32
		{5D0D85FB-09BA-450C-82DC-1CF90E797937}.Release|x86.Build.0 = Release|Win32
	EndGlobalSection
	GlobalSection(SolutionProperties) = preSolution
		HideSolutionNode = FALSE
	EndGlobalSection
	GlobalSection(ExtensibilityGlobals) = postSolution
		SolutionGuid = {9AC69506-F6EB-4C44-89E2-7110B4024223}
	EndGlobalSection
EndGlobal
