
Microsoft Visual Studio Solution File, Format Version 12.00
# Visual Studio Version 17
VisualStudioVersion = 17.2.32516.85
MinimumVisualStudioVersion = 10.0.40219.1
Project("{8BC9CEB8-8B4A-11D0-8D11-00A0C91BC942}") = "04.02.04 C++14当中的auto返回值类型推导", "04.02.04 C++14当中的auto返回值类型推导.vcxproj", "{DF1B30A0-F950-4D3C-91B1-7BF4E06E4A9B}"
EndProject
Global
	GlobalSection(SolutionConfigurationPlatforms) = preSolution
		Debug|x64 = Debug|x64
		Debug|x86 = Debug|x86
		Release|x64 = Release|x64
		Release|x86 = Release|x86
	EndGlobalSection
	GlobalSection(ProjectConfigurationPlatforms) = postSolution
		{DF1B30A0-F950-4D3C-91B1-7BF4E06E4A9B}.Debug|x64.ActiveCfg = Debug|x64
		{DF1B30A0-F950-4D3C-91B1-7BF4E06E4A9B}.Debug|x64.Build.0 = Debug|x64
		{DF1B30A0-F950-4D3C-91B1-7BF4E06E4A9B}.Debug|x86.ActiveCfg = Debug|Win32
		{DF1B30A0-F950-4D3C-91B1-7BF4E06E4A9B}.Debug|x86.Build.0 = Debug|Win32
		{DF1B30A0-F950-4D3C-91B1-7BF4E06E4A9B}.Release|x64.ActiveCfg = Release|x64
		{DF1B30A0-F950-4D3C-91B1-7BF4E06E4A9B}.Release|x64.Build.0 = Release|x64
		{DF1B30A0-F950-4D3C-91B1-7BF4E06E4A9B}.Release|x86.ActiveCfg = Release|Win32
		{DF1B30A0-F950-4D3C-91B1-7BF4E06E4A9B}.Release|x86.Build.0 = Release|Win32
	EndGlobalSection
	GlobalSection(SolutionProperties) = preSolution
		HideSolutionNode = FALSE
	EndGlobalSection
	GlobalSection(ExtensibilityGlobals) = postSolution
		SolutionGuid = {5F008BE0-905D-4E00-A288-9B3B45BD68F3}
	EndGlobalSection
EndGlobal
