
Microsoft Visual Studio Solution File, Format Version 12.00
# Visual Studio Version 17
VisualStudioVersion = 17.3.32825.248
MinimumVisualStudioVersion = 10.0.40219.1
Project("{8BC9CEB8-8B4A-11D0-8D11-00A0C91BC942}") = "38.05 聚合类型的模板推导03", "38.05 聚合类型的模板推导03.vcxproj", "{04184400-550D-4A7C-862D-6173B5536C0B}"
EndProject
Global
	GlobalSection(SolutionConfigurationPlatforms) = preSolution
		Debug|x64 = Debug|x64
		Debug|x86 = Debug|x86
		Release|x64 = Release|x64
		Release|x86 = Release|x86
	EndGlobalSection
	GlobalSection(ProjectConfigurationPlatforms) = postSolution
		{04184400-550D-4A7C-862D-6173B5536C0B}.Debug|x64.ActiveCfg = Debug|x64
		{04184400-550D-4A7C-862D-6173B5536C0B}.Debug|x64.Build.0 = Debug|x64
		{04184400-550D-4A7C-862D-6173B5536C0B}.Debug|x86.ActiveCfg = Debug|Win32
		{04184400-550D-4A7C-862D-6173B5536C0B}.Debug|x86.Build.0 = Debug|Win32
		{04184400-550D-4A7C-862D-6173B5536C0B}.Release|x64.ActiveCfg = Release|x64
		{04184400-550D-4A7C-862D-6173B5536C0B}.Release|x64.Build.0 = Release|x64
		{04184400-550D-4A7C-862D-6173B5536C0B}.Release|x86.ActiveCfg = Release|Win32
		{04184400-550D-4A7C-862D-6173B5536C0B}.Release|x86.Build.0 = Release|Win32
	EndGlobalSection
	GlobalSection(SolutionProperties) = preSolution
		HideSolutionNode = FALSE
	EndGlobalSection
	GlobalSection(ExtensibilityGlobals) = postSolution
		SolutionGuid = {D3CA1F4E-BD46-4146-A59E-35F9862FBE85}
	EndGlobalSection
EndGlobal
