
Microsoft Visual Studio Solution File, Format Version 12.00
# Visual Studio Version 17
VisualStudioVersion = 17.2.32516.85
MinimumVisualStudioVersion = 10.0.40219.1
Project("{8BC9CEB8-8B4A-11D0-8D11-00A0C91BC942}") = "02.02 虚函数auto推导 指针以及引用", "02.02 虚函数auto推导 指针以及引用.vcxproj", "{73F888EE-4E87-4891-8F98-084F9F40C74C}"
EndProject
Global
	GlobalSection(SolutionConfigurationPlatforms) = preSolution
		Debug|x64 = Debug|x64
		Debug|x86 = Debug|x86
		Release|x64 = Release|x64
		Release|x86 = Release|x86
	EndGlobalSection
	GlobalSection(ProjectConfigurationPlatforms) = postSolution
		{73F888EE-4E87-4891-8F98-084F9F40C74C}.Debug|x64.ActiveCfg = Debug|x64
		{73F888EE-4E87-4891-8F98-084F9F40C74C}.Debug|x64.Build.0 = Debug|x64
		{73F888EE-4E87-4891-8F98-084F9F40C74C}.Debug|x86.ActiveCfg = Debug|Win32
		{73F888EE-4E87-4891-8F98-084F9F40C74C}.Debug|x86.Build.0 = Debug|Win32
		{73F888EE-4E87-4891-8F98-084F9F40C74C}.Release|x64.ActiveCfg = Release|x64
		{73F888EE-4E87-4891-8F98-084F9F40C74C}.Release|x64.Build.0 = Release|x64
		{73F888EE-4E87-4891-8F98-084F9F40C74C}.Release|x86.ActiveCfg = Release|Win32
		{73F888EE-4E87-4891-8F98-084F9F40C74C}.Release|x86.Build.0 = Release|Win32
	EndGlobalSection
	GlobalSection(SolutionProperties) = preSolution
		HideSolutionNode = FALSE
	EndGlobalSection
	GlobalSection(ExtensibilityGlobals) = postSolution
		SolutionGuid = {9ED322AC-CA48-488C-A71A-380C3050A6E0}
	EndGlobalSection
EndGlobal
