
Microsoft Visual Studio Solution File, Format Version 12.00
# Visual Studio Version 17
VisualStudioVersion = 17.3.32825.248
MinimumVisualStudioVersion = 10.0.40219.1
Project("{8BC9CEB8-8B4A-11D0-8D11-00A0C91BC942}") = "31.05.05 nodiscard属性", "31.05.05 nodiscard属性.vcxproj", "{F27AEFF9-8B4A-4F04-88D6-7FC598D0E500}"
EndProject
Global
	GlobalSection(SolutionConfigurationPlatforms) = preSolution
		Debug|x64 = Debug|x64
		Debug|x86 = Debug|x86
		Release|x64 = Release|x64
		Release|x86 = Release|x86
	EndGlobalSection
	GlobalSection(ProjectConfigurationPlatforms) = postSolution
		{F27AEFF9-8B4A-4F04-88D6-7FC598D0E500}.Debug|x64.ActiveCfg = Debug|x64
		{F27AEFF9-8B4A-4F04-88D6-7FC598D0E500}.Debug|x64.Build.0 = Debug|x64
		{F27AEFF9-8B4A-4F04-88D6-7FC598D0E500}.Debug|x86.ActiveCfg = Debug|Win32
		{F27AEFF9-8B4A-4F04-88D6-7FC598D0E500}.Debug|x86.Build.0 = Debug|Win32
		{F27AEFF9-8B4A-4F04-88D6-7FC598D0E500}.Release|x64.ActiveCfg = Release|x64
		{F27AEFF9-8B4A-4F04-88D6-7FC598D0E500}.Release|x64.Build.0 = Release|x64
		{F27AEFF9-8B4A-4F04-88D6-7FC598D0E500}.Release|x86.ActiveCfg = Release|Win32
		{F27AEFF9-8B4A-4F04-88D6-7FC598D0E500}.Release|x86.Build.0 = Release|Win32
	EndGlobalSection
	GlobalSection(SolutionProperties) = preSolution
		HideSolutionNode = FALSE
	EndGlobalSection
	GlobalSection(ExtensibilityGlobals) = postSolution
		SolutionGuid = {445567F4-2A8D-4C8E-A831-78A4210C25E6}
	EndGlobalSection
EndGlobal
