
Microsoft Visual Studio Solution File, Format Version 12.00
# Visual Studio Version 17
VisualStudioVersion = 17.3.32825.248
MinimumVisualStudioVersion = 10.0.40219.1
Project("{8BC9CEB8-8B4A-11D0-8D11-00A0C91BC942}") = "25.__ 线程的存储布局", "25.__ 线程的存储布局.vcxproj", "{BE0F1198-6C13-48D4-8D6D-DDC427ABB793}"
EndProject
Global
	GlobalSection(SolutionConfigurationPlatforms) = preSolution
		Debug|x64 = Debug|x64
		Debug|x86 = Debug|x86
		Release|x64 = Release|x64
		Release|x86 = Release|x86
	EndGlobalSection
	GlobalSection(ProjectConfigurationPlatforms) = postSolution
		{BE0F1198-6C13-48D4-8D6D-DDC427ABB793}.Debug|x64.ActiveCfg = Debug|x64
		{BE0F1198-6C13-48D4-8D6D-DDC427ABB793}.Debug|x64.Build.0 = Debug|x64
		{BE0F1198-6C13-48D4-8D6D-DDC427ABB793}.Debug|x86.ActiveCfg = Debug|Win32
		{BE0F1198-6C13-48D4-8D6D-DDC427ABB793}.Debug|x86.Build.0 = Debug|Win32
		{BE0F1198-6C13-48D4-8D6D-DDC427ABB793}.Release|x64.ActiveCfg = Release|x64
		{BE0F1198-6C13-48D4-8D6D-DDC427ABB793}.Release|x64.Build.0 = Release|x64
		{BE0F1198-6C13-48D4-8D6D-DDC427ABB793}.Release|x86.ActiveCfg = Release|Win32
		{BE0F1198-6C13-48D4-8D6D-DDC427ABB793}.Release|x86.Build.0 = Release|Win32
	EndGlobalSection
	GlobalSection(SolutionProperties) = preSolution
		HideSolutionNode = FALSE
	EndGlobalSection
	GlobalSection(ExtensibilityGlobals) = postSolution
		SolutionGuid = {3FBDB03C-3EBC-4E3F-8CF9-1CEED3F81CE3}
	EndGlobalSection
EndGlobal
