
Microsoft Visual Studio Solution File, Format Version 12.00
# Visual Studio Version 17
VisualStudioVersion = 17.3.32825.248
MinimumVisualStudioVersion = 10.0.40219.1
Project("{8BC9CEB8-8B4A-11D0-8D11-00A0C91BC942}") = "29.01 十六进制浮点字面量", "29.01 十六进制浮点字面量.vcxproj", "{4FB061D8-EA7B-49F7-B735-1C8A4B19802F}"
EndProject
Global
	GlobalSection(SolutionConfigurationPlatforms) = preSolution
		Debug|x64 = Debug|x64
		Debug|x86 = Debug|x86
		Release|x64 = Release|x64
		Release|x86 = Release|x86
	EndGlobalSection
	GlobalSection(ProjectConfigurationPlatforms) = postSolution
		{4FB061D8-EA7B-49F7-B735-1C8A4B19802F}.Debug|x64.ActiveCfg = Debug|x64
		{4FB061D8-EA7B-49F7-B735-1C8A4B19802F}.Debug|x64.Build.0 = Debug|x64
		{4FB061D8-EA7B-49F7-B735-1C8A4B19802F}.Debug|x86.ActiveCfg = Debug|Win32
		{4FB061D8-EA7B-49F7-B735-1C8A4B19802F}.Debug|x86.Build.0 = Debug|Win32
		{4FB061D8-EA7B-49F7-B735-1C8A4B19802F}.Release|x64.ActiveCfg = Release|x64
		{4FB061D8-EA7B-49F7-B735-1C8A4B19802F}.Release|x64.Build.0 = Release|x64
		{4FB061D8-EA7B-49F7-B735-1C8A4B19802F}.Release|x86.ActiveCfg = Release|Win32
		{4FB061D8-EA7B-49F7-B735-1C8A4B19802F}.Release|x86.Build.0 = Release|Win32
	EndGlobalSection
	GlobalSection(SolutionProperties) = preSolution
		HideSolutionNode = FALSE
	EndGlobalSection
	GlobalSection(ExtensibilityGlobals) = postSolution
		SolutionGuid = {009FD09A-A63F-484B-8DF6-CB215E22D210}
	EndGlobalSection
EndGlobal
